
Microsoft Visual Studio Solution File, Format Version 12.00
# Visual Studio 15
VisualStudioVersion = 15.0.26430.16
MinimumVisualStudioVersion = 10.0.40219.1
Project("{FAE04EC0-301F-11D3-BF4B-00C04F79EFBC}") = "AtmTransaction", "AtmTransaction\AtmTransaction.csproj", "{C694C2B9-87EB-4627-B722-1A2A6B7C416E}"
EndProject
Project("{FAE04EC0-301F-11D3-BF4B-00C04F79EFBC}") = "AtmTransaction.Tests", "AtmTransaction.Tests\AtmTransaction.Tests.csproj", "{1FB1BFF9-8E00-4EE6-A9A0-DD2B92D7C61E}"
EndProject
Global
	GlobalSection(SolutionConfigurationPlatforms) = preSolution
		Debug|Any CPU = Debug|Any CPU
		Release|Any CPU = Release|Any CPU
	EndGlobalSection
	GlobalSection(ProjectConfigurationPlatforms) = postSolution
		{C694C2B9-87EB-4627-B722-1A2A6B7C416E}.Debug|Any CPU.ActiveCfg = Debug|Any CPU
		{C694C2B9-87EB-4627-B722-1A2A6B7C416E}.Debug|Any CPU.Build.0 = Debug|Any CPU
		{C694C2B9-87EB-4627-B722-1A2A6B7C416E}.Release|Any CPU.ActiveCfg = Release|Any CPU
		{C694C2B9-87EB-4627-B722-1A2A6B7C416E}.Release|Any CPU.Build.0 = Release|Any CPU
		{1FB1BFF9-8E00-4EE6-A9A0-DD2B92D7C61E}.Debug|Any CPU.ActiveCfg = Debug|Any CPU
		{1FB1BFF9-8E00-4EE6-A9A0-DD2B92D7C61E}.Debug|Any CPU.Build.0 = Debug|Any CPU
		{1FB1BFF9-8E00-4EE6-A9A0-DD2B92D7C61E}.Release|Any CPU.ActiveCfg = Release|Any CPU
		{1FB1BFF9-8E00-4EE6-A9A0-DD2B92D7C61E}.Release|Any CPU.Build.0 = Release|Any CPU
	EndGlobalSection
	GlobalSection(SolutionProperties) = preSolution
		HideSolutionNode = FALSE
	EndGlobalSection
EndGlobal
